
Microsoft Visual Studio Solution File, Format Version 12.00
# Visual Studio 15
VisualStudioVersion = 15.0.27703.2035
MinimumVisualStudioVersion = 10.0.40219.1
Project("{9A19103F-16F7-4668-BE54-9A1E7A4F7556}") = "pacedn shell", "pacedn shell\pacedn shell.csproj", "{0AC2ED5D-B60B-4729-BFED-D4DE42D36BFF}"
EndProject
Project("{FAE04EC0-301F-11D3-BF4B-00C04F79EFBC}") = "pacednl", "pacednl\pacednl.csproj", "{AA02E272-B631-4092-9150-D3C8290EA664}"
EndProject
Project("{FAE04EC0-301F-11D3-BF4B-00C04F79EFBC}") = "pacednc", "pacednc\pacednc.csproj", "{C61874DE-BA18-4566-99B7-FB853ABFBD12}"
EndProject
Project("{FAE04EC0-301F-11D3-BF4B-00C04F79EFBC}") = "pacedntjs", "pacedntjs\pacedntjs.csproj", "{89FFD252-DEEC-468C-B4E6-B91518D863B5}"
EndProject
Global
	GlobalSection(SolutionConfigurationPlatforms) = preSolution
		Debug|Any CPU = Debug|Any CPU
		Release|Any CPU = Release|Any CPU
	EndGlobalSection
	GlobalSection(ProjectConfigurationPlatforms) = postSolution
		{0AC2ED5D-B60B-4729-BFED-D4DE42D36BFF}.Debug|Any CPU.ActiveCfg = Debug|Any CPU
		{0AC2ED5D-B60B-4729-BFED-D4DE42D36BFF}.Debug|Any CPU.Build.0 = Debug|Any CPU
		{0AC2ED5D-B60B-4729-BFED-D4DE42D36BFF}.Release|Any CPU.ActiveCfg = Release|Any CPU
		{0AC2ED5D-B60B-4729-BFED-D4DE42D36BFF}.Release|Any CPU.Build.0 = Release|Any CPU
		{AA02E272-B631-4092-9150-D3C8290EA664}.Debug|Any CPU.ActiveCfg = Debug|Any CPU
		{AA02E272-B631-4092-9150-D3C8290EA664}.Debug|Any CPU.Build.0 = Debug|Any CPU
		{AA02E272-B631-4092-9150-D3C8290EA664}.Release|Any CPU.ActiveCfg = Release|Any CPU
		{AA02E272-B631-4092-9150-D3C8290EA664}.Release|Any CPU.Build.0 = Release|Any CPU
		{C61874DE-BA18-4566-99B7-FB853ABFBD12}.Debug|Any CPU.ActiveCfg = Debug|Any CPU
		{C61874DE-BA18-4566-99B7-FB853ABFBD12}.Debug|Any CPU.Build.0 = Debug|Any CPU
		{C61874DE-BA18-4566-99B7-FB853ABFBD12}.Release|Any CPU.ActiveCfg = Release|Any CPU
		{C61874DE-BA18-4566-99B7-FB853ABFBD12}.Release|Any CPU.Build.0 = Release|Any CPU
		{89FFD252-DEEC-468C-B4E6-B91518D863B5}.Debug|Any CPU.ActiveCfg = Debug|Any CPU
		{89FFD252-DEEC-468C-B4E6-B91518D863B5}.Debug|Any CPU.Build.0 = Debug|Any CPU
		{89FFD252-DEEC-468C-B4E6-B91518D863B5}.Release|Any CPU.ActiveCfg = Release|Any CPU
		{89FFD252-DEEC-468C-B4E6-B91518D863B5}.Release|Any CPU.Build.0 = Release|Any CPU
	EndGlobalSection
	GlobalSection(SolutionProperties) = preSolution
		HideSolutionNode = FALSE
	EndGlobalSection
	GlobalSection(ExtensibilityGlobals) = postSolution
		SolutionGuid = {1D6F8FD3-DB1E-448B-8D37-4B0A05910D31}
	EndGlobalSection
EndGlobal
